
Microsoft Visual Studio Solution File, Format Version 12.00
# Visual Studio Version 16
VisualStudioVersion = 16.0.31410.357
MinimumVisualStudioVersion = 10.0.40219.1
Project("{FAE04EC0-301F-11D3-BF4B-00C04F79EFBC}") = "EventHubSender", "EventHubSender\EventHubSender.csproj", "{5089019B-D6C1-422F-819F-301BF629757F}"
EndProject
Project("{FAE04EC0-301F-11D3-BF4B-00C04F79EFBC}") = "EventHubReceiver", "EventHubReceiver\EventHubReceiver.csproj", "{B6A98224-8F6A-40BA-B944-2E41FA2B7A86}"
EndProject
Global
	GlobalSection(SolutionConfigurationPlatforms) = preSolution
		Debug|Any CPU = Debug|Any CPU
		Release|Any CPU = Release|Any CPU
	EndGlobalSection
	GlobalSection(ProjectConfigurationPlatforms) = postSolution
		{5089019B-D6C1-422F-819F-301BF629757F}.Debug|Any CPU.ActiveCfg = Debug|Any CPU
		{5089019B-D6C1-422F-819F-301BF629757F}.Debug|Any CPU.Build.0 = Debug|Any CPU
		{5089019B-D6C1-422F-819F-301BF629757F}.Release|Any CPU.ActiveCfg = Release|Any CPU
		{5089019B-D6C1-422F-819F-301BF629757F}.Release|Any CPU.Build.0 = Release|Any CPU
		{B6A98224-8F6A-40BA-B944-2E41FA2B7A86}.Debug|Any CPU.ActiveCfg = Debug|Any CPU
		{B6A98224-8F6A-40BA-B944-2E41FA2B7A86}.Debug|Any CPU.Build.0 = Debug|Any CPU
		{B6A98224-8F6A-40BA-B944-2E41FA2B7A86}.Release|Any CPU.ActiveCfg = Release|Any CPU
		{B6A98224-8F6A-40BA-B944-2E41FA2B7A86}.Release|Any CPU.Build.0 = Release|Any CPU
	EndGlobalSection
	GlobalSection(SolutionProperties) = preSolution
		HideSolutionNode = FALSE
	EndGlobalSection
	GlobalSection(ExtensibilityGlobals) = postSolution
		SolutionGuid = {1F6D1A27-2C41-4572-9046-3E41C9788B79}
	EndGlobalSection
EndGlobal
